// !$*UTF8*$!
{
	archiveVersion = 1;
	classes = {
	};
	objectVersion = 50;
	objects = {

/* Begin PBXBuildFile section */
		A4D4D6B422CD4CFE00CEA7D1 /* AppDelegate.m in Sources */ = {isa = PBXBuildFile; fileRef = A4D4D6B322CD4CFE00CEA7D1 /* AppDelegate.m */; };
		A4D4D6BA22CD4CFE00CEA7D1 /* Main.storyboard in Resources */ = {isa = PBXBuildFile; fileRef = A4D4D6B822CD4CFE00CEA7D1 /* Main.storyboard */; };
		A4D4D6BC22CD4D0000CEA7D1 /* Assets.xcassets in Resources */ = {isa = PBXBuildFile; fileRef = A4D4D6BB22CD4D0000CEA7D1 /* Assets.xcassets */; };
		A4D4D6BF22CD4D0000CEA7D1 /* LaunchScreen.storyboard in Resources */ = {isa = PBXBuildFile; fileRef = A4D4D6BD22CD4D0000CEA7D1 /* LaunchScreen.storyboard */; };
		A4D4D6C222CD4D0000CEA7D1 /* main.m in Sources */ = {isa = PBXBuildFile; fileRef = A4D4D6C122CD4D0000CEA7D1 /* main.m */; };
		A4D4D6D022CD4DDF00CEA7D1 /* JBMBreed.m in Sources */ = {isa = PBXBuildFile; fileRef = A4D4D6CF22CD4DDF00CEA7D1 /* JBMBreed.m */; };
		A4D4D6D322CD4DEF00CEA7D1 /* JBMSubBreed.m in Sources */ = {isa = PBXBuildFile; fileRef = A4D4D6D222CD4DEF00CEA7D1 /* JBMSubBreed.m */; };
		A4D4D6D622CD566600CEA7D1 /* BreedNetworkClient.m in Sources */ = {isa = PBXBuildFile; fileRef = A4D4D6D522CD566600CEA7D1 /* BreedNetworkClient.m */; };
		A4D4D6D922CD7E7D00CEA7D1 /* BreedsListTableViewController.m in Sources */ = {isa = PBXBuildFile; fileRef = A4D4D6D822CD7E7D00CEA7D1 /* BreedsListTableViewController.m */; };
		A4D4D6DC22CD7EAC00CEA7D1 /* ImagesCollectionViewController.m in Sources */ = {isa = PBXBuildFile; fileRef = A4D4D6DB22CD7EAC00CEA7D1 /* ImagesCollectionViewController.m */; };
		A4D4D6DF22CD7EE600CEA7D1 /* SubBreedsTableViewController.m in Sources */ = {isa = PBXBuildFile; fileRef = A4D4D6DE22CD7EE600CEA7D1 /* SubBreedsTableViewController.m */; };
		A4D4D6E222CD7F9F00CEA7D1 /* ImageCollectionViewCell.m in Sources */ = {isa = PBXBuildFile; fileRef = A4D4D6E122CD7F9F00CEA7D1 /* ImageCollectionViewCell.m */; };
/* End PBXBuildFile section */

/* Begin PBXFileReference section */
		A4D4D6AF22CD4CFE00CEA7D1 /* DogsOBJC.app */ = {isa = PBXFileReference; explicitFileType = wrapper.application; includeInIndex = 0; path = DogsOBJC.app; sourceTree = BUILT_PRODUCTS_DIR; };
		A4D4D6B222CD4CFE00CEA7D1 /* AppDelegate.h */ = {isa = PBXFileReference; lastKnownFileType = sourcecode.c.h; path = AppDelegate.h; sourceTree = "<group>"; };
		A4D4D6B322CD4CFE00CEA7D1 /* AppDelegate.m */ = {isa = PBXFileReference; lastKnownFileType = sourcecode.c.objc; path = AppDelegate.m; sourceTree = "<group>"; };
		A4D4D6B922CD4CFE00CEA7D1 /* Base */ = {isa = PBXFileReference; lastKnownFileType = file.storyboard; name = Base; path = Base.lproj/Main.storyboard; sourceTree = "<group>"; };
		A4D4D6BB22CD4D0000CEA7D1 /* Assets.xcassets */ = {isa = PBXFileReference; lastKnownFileType = folder.assetcatalog; path = Assets.xcassets; sourceTree = "<group>"; };
		A4D4D6BE22CD4D0000CEA7D1 /* Base */ = {isa = PBXFileReference; lastKnownFileType = file.storyboard; name = Base; path = Base.lproj/LaunchScreen.storyboard; sourceTree = "<group>"; };
		A4D4D6C022CD4D0000CEA7D1 /* Info.plist */ = {isa = PBXFileReference; lastKnownFileType = text.plist.xml; path = Info.plist; sourceTree = "<group>"; };
		A4D4D6C122CD4D0000CEA7D1 /* main.m */ = {isa = PBXFileReference; lastKnownFileType = sourcecode.c.objc; path = main.m; sourceTree = "<group>"; };
		A4D4D6CE22CD4DDF00CEA7D1 /* JBMBreed.h */ = {isa = PBXFileReference; lastKnownFileType = sourcecode.c.h; path = JBMBreed.h; sourceTree = "<group>"; };
		A4D4D6CF22CD4DDF00CEA7D1 /* JBMBreed.m */ = {isa = PBXFileReference; lastKnownFileType = sourcecode.c.objc; path = JBMBreed.m; sourceTree = "<group>"; };
		A4D4D6D122CD4DEF00CEA7D1 /* JBMSubBreed.h */ = {isa = PBXFileReference; lastKnownFileType = sourcecode.c.h; path = JBMSubBreed.h; sourceTree = "<group>"; };
		A4D4D6D222CD4DEF00CEA7D1 /* JBMSubBreed.m */ = {isa = PBXFileReference; lastKnownFileType = sourcecode.c.objc; path = JBMSubBreed.m; sourceTree = "<group>"; };
		A4D4D6D422CD566600CEA7D1 /* BreedNetworkClient.h */ = {isa = PBXFileReference; lastKnownFileType = sourcecode.c.h; path = BreedNetworkClient.h; sourceTree = "<group>"; };
		A4D4D6D522CD566600CEA7D1 /* BreedNetworkClient.m */ = {isa = PBXFileReference; lastKnownFileType = sourcecode.c.objc; path = BreedNetworkClient.m; sourceTree = "<group>"; };
		A4D4D6D722CD7E7D00CEA7D1 /* BreedsListTableViewController.h */ = {isa = PBXFileReference; lastKnownFileType = sourcecode.c.h; path = BreedsListTableViewController.h; sourceTree = "<group>"; };
		A4D4D6D822CD7E7D00CEA7D1 /* BreedsListTableViewController.m */ = {isa = PBXFileReference; lastKnownFileType = sourcecode.c.objc; path = BreedsListTableViewController.m; sourceTree = "<group>"; };
		A4D4D6DA22CD7EAC00CEA7D1 /* ImagesCollectionViewController.h */ = {isa = PBXFileReference; lastKnownFileType = sourcecode.c.h; path = ImagesCollectionViewController.h; sourceTree = "<group>"; };
		A4D4D6DB22CD7EAC00CEA7D1 /* ImagesCollectionViewController.m */ = {isa = PBXFileReference; lastKnownFileType = sourcecode.c.objc; path = ImagesCollectionViewController.m; sourceTree = "<group>"; };
		A4D4D6DD22CD7EE600CEA7D1 /* SubBreedsTableViewController.h */ = {isa = PBXFileReference; lastKnownFileType = sourcecode.c.h; path = SubBreedsTableViewController.h; sourceTree = "<group>"; };
		A4D4D6DE22CD7EE600CEA7D1 /* SubBreedsTableViewController.m */ = {isa = PBXFileReference; lastKnownFileType = sourcecode.c.objc; path = SubBreedsTableViewController.m; sourceTree = "<group>"; };
		A4D4D6E022CD7F9F00CEA7D1 /* ImageCollectionViewCell.h */ = {isa = PBXFileReference; lastKnownFileType = sourcecode.c.h; path = ImageCollectionViewCell.h; sourceTree = "<group>"; };
		A4D4D6E122CD7F9F00CEA7D1 /* ImageCollectionViewCell.m */ = {isa = PBXFileReference; lastKnownFileType = sourcecode.c.objc; path = ImageCollectionViewCell.m; sourceTree = "<group>"; };
/* End PBXFileReference section */

/* Begin PBXFrameworksBuildPhase section */
		A4D4D6AC22CD4CFE00CEA7D1 /* Frameworks */ = {
			isa = PBXFrameworksBuildPhase;
			buildActionMask = 2147483647;
			files = (
			);
			runOnlyForDeploymentPostprocessing = 0;
		};
/* End PBXFrameworksBuildPhase section */

/* Begin PBXGroup section */
		A4D4D6A622CD4CFE00CEA7D1 = {
			isa = PBXGroup;
			children = (
				A4D4D6B122CD4CFE00CEA7D1 /* DogsOBJC */,
				A4D4D6B022CD4CFE00CEA7D1 /* Products */,
			);
			sourceTree = "<group>";
		};
		A4D4D6B022CD4CFE00CEA7D1 /* Products */ = {
			isa = PBXGroup;
			children = (
				A4D4D6AF22CD4CFE00CEA7D1 /* DogsOBJC.app */,
			);
			name = Products;
			sourceTree = "<group>";
		};
		A4D4D6B122CD4CFE00CEA7D1 /* DogsOBJC */ = {
			isa = PBXGroup;
			children = (
				A4D4D6CB22CD4D9E00CEA7D1 /* Controllers */,
				A4D4D6CA22CD4D9400CEA7D1 /* Model */,
				A4D4D6C822CD4D7100CEA7D1 /* Resources */,
				A4D4D6C922CD4D8400CEA7D1 /* Views */,
			);
			path = DogsOBJC;
			sourceTree = "<group>";
		};
		A4D4D6C822CD4D7100CEA7D1 /* Resources */ = {
			isa = PBXGroup;
			children = (
				A4D4D6B222CD4CFE00CEA7D1 /* AppDelegate.h */,
				A4D4D6B322CD4CFE00CEA7D1 /* AppDelegate.m */,
				A4D4D6BB22CD4D0000CEA7D1 /* Assets.xcassets */,
				A4D4D6C022CD4D0000CEA7D1 /* Info.plist */,
				A4D4D6C122CD4D0000CEA7D1 /* main.m */,
			);
			path = Resources;
			sourceTree = "<group>";
		};
		A4D4D6C922CD4D8400CEA7D1 /* Views */ = {
			isa = PBXGroup;
			children = (
				A4D4D6B822CD4CFE00CEA7D1 /* Main.storyboard */,
				A4D4D6BD22CD4D0000CEA7D1 /* LaunchScreen.storyboard */,
				A4D4D6E022CD7F9F00CEA7D1 /* ImageCollectionViewCell.h */,
				A4D4D6E122CD7F9F00CEA7D1 /* ImageCollectionViewCell.m */,
			);
			path = Views;
			sourceTree = "<group>";
		};
		A4D4D6CA22CD4D9400CEA7D1 /* Model */ = {
			isa = PBXGroup;
			children = (
				A4D4D6CE22CD4DDF00CEA7D1 /* JBMBreed.h */,
				A4D4D6CF22CD4DDF00CEA7D1 /* JBMBreed.m */,
				A4D4D6D122CD4DEF00CEA7D1 /* JBMSubBreed.h */,
				A4D4D6D222CD4DEF00CEA7D1 /* JBMSubBreed.m */,
				A4D4D6D422CD566600CEA7D1 /* BreedNetworkClient.h */,
				A4D4D6D522CD566600CEA7D1 /* BreedNetworkClient.m */,
			);
			path = Model;
			sourceTree = "<group>";
		};
		A4D4D6CB22CD4D9E00CEA7D1 /* Controllers */ = {
			isa = PBXGroup;
			children = (
				A4D4D6CD22CD4DB200CEA7D1 /* View Controller */,
				A4D4D6CC22CD4DAB00CEA7D1 /* Model Controller */,
			);
			path = Controllers;
			sourceTree = "<group>";
		};
		A4D4D6CC22CD4DAB00CEA7D1 /* Model Controller */ = {
			isa = PBXGroup;
			children = (
			);
			path = "Model Controller";
			sourceTree = "<group>";
		};
		A4D4D6CD22CD4DB200CEA7D1 /* View Controller */ = {
			isa = PBXGroup;
			children = (
				A4D4D6D722CD7E7D00CEA7D1 /* BreedsListTableViewController.h */,
				A4D4D6D822CD7E7D00CEA7D1 /* BreedsListTableViewController.m */,
				A4D4D6DA22CD7EAC00CEA7D1 /* ImagesCollectionViewController.h */,
				A4D4D6DB22CD7EAC00CEA7D1 /* ImagesCollectionViewController.m */,
				A4D4D6DD22CD7EE600CEA7D1 /* SubBreedsTableViewController.h */,
				A4D4D6DE22CD7EE600CEA7D1 /* SubBreedsTableViewController.m */,
			);
			path = "View Controller";
			sourceTree = "<group>";
		};
/* End PBXGroup section */

/* Begin PBXNativeTarget section */
		A4D4D6AE22CD4CFE00CEA7D1 /* DogsOBJC */ = {
			isa = PBXNativeTarget;
			buildConfigurationList = A4D4D6C522CD4D0000CEA7D1 /* Build configuration list for PBXNativeTarget "DogsOBJC" */;
			buildPhases = (
				A4D4D6AB22CD4CFE00CEA7D1 /* Sources */,
				A4D4D6AC22CD4CFE00CEA7D1 /* Frameworks */,
				A4D4D6AD22CD4CFE00CEA7D1 /* Resources */,
			);
			buildRules = (
			);
			dependencies = (
			);
			name = DogsOBJC;
			productName = DogsOBJC;
			productReference = A4D4D6AF22CD4CFE00CEA7D1 /* DogsOBJC.app */;
			productType = "com.apple.product-type.application";
		};
/* End PBXNativeTarget section */

/* Begin PBXProject section */
		A4D4D6A722CD4CFE00CEA7D1 /* Project object */ = {
			isa = PBXProject;
			attributes = {
				LastUpgradeCheck = 1020;
				ORGANIZATIONNAME = "Jason Mandozzi";
				TargetAttributes = {
					A4D4D6AE22CD4CFE00CEA7D1 = {
						CreatedOnToolsVersion = 10.2.1;
					};
				};
			};
			buildConfigurationList = A4D4D6AA22CD4CFE00CEA7D1 /* Build configuration list for PBXProject "DogsOBJC" */;
			compatibilityVersion = "Xcode 9.3";
			developmentRegion = en;
			hasScannedForEncodings = 0;
			knownRegions = (
				en,
				Base,
			);
			mainGroup = A4D4D6A622CD4CFE00CEA7D1;
			productRefGroup = A4D4D6B022CD4CFE00CEA7D1 /* Products */;
			projectDirPath = "";
			projectRoot = "";
			targets = (
				A4D4D6AE22CD4CFE00CEA7D1 /* DogsOBJC */,
			);
		};
/* End PBXProject section */

/* Begin PBXResourcesBuildPhase section */
		A4D4D6AD22CD4CFE00CEA7D1 /* Resources */ = {
			isa = PBXResourcesBuildPhase;
			buildActionMask = 2147483647;
			files = (
				A4D4D6BF22CD4D0000CEA7D1 /* LaunchScreen.storyboard in Resources */,
				A4D4D6BC22CD4D0000CEA7D1 /* Assets.xcassets in Resources */,
				A4D4D6BA22CD4CFE00CEA7D1 /* Main.storyboard in Resources */,
			);
			runOnlyForDeploymentPostprocessing = 0;
		};
/* End PBXResourcesBuildPhase section */

/* Begin PBXSourcesBuildPhase section */
		A4D4D6AB22CD4CFE00CEA7D1 /* Sources */ = {
			isa = PBXSourcesBuildPhase;
			buildActionMask = 2147483647;
			files = (
				A4D4D6C222CD4D0000CEA7D1 /* main.m in Sources */,
				A4D4D6D622CD566600CEA7D1 /* BreedNetworkClient.m in Sources */,
				A4D4D6D322CD4DEF00CEA7D1 /* JBMSubBreed.m in Sources */,
				A4D4D6D022CD4DDF00CEA7D1 /* JBMBreed.m in Sources */,
				A4D4D6E222CD7F9F00CEA7D1 /* ImageCollectionViewCell.m in Sources */,
				A4D4D6D922CD7E7D00CEA7D1 /* BreedsListTableViewController.m in Sources */,
				A4D4D6DC22CD7EAC00CEA7D1 /* ImagesCollectionViewController.m in Sources */,
				A4D4D6B422CD4CFE00CEA7D1 /* AppDelegate.m in Sources */,
				A4D4D6DF22CD7EE600CEA7D1 /* SubBreedsTableViewController.m in Sources */,
			);
			runOnlyForDeploymentPostprocessing = 0;
		};
/* End PBXSourcesBuildPhase section */

/* Begin PBXVariantGroup section */
		A4D4D6B822CD4CFE00CEA7D1 /* Main.storyboard */ = {
			isa = PBXVariantGroup;
			children = (
				A4D4D6B922CD4CFE00CEA7D1 /* Base */,
			);
			name = Main.storyboard;
			sourceTree = "<group>";
		};
		A4D4D6BD22CD4D0000CEA7D1 /* LaunchScreen.storyboard */ = {
			isa = PBXVariantGroup;
			children = (
				A4D4D6BE22CD4D0000CEA7D1 /* Base */,
			);
			name = LaunchScreen.storyboard;
			sourceTree = "<group>";
		};
/* End PBXVariantGroup section */

/* Begin XCBuildConfiguration section */
		A4D4D6C322CD4D0000CEA7D1 /* Debug */ = {
			isa = XCBuildConfiguration;
			buildSettings = {
				ALWAYS_SEARCH_USER_PATHS = NO;
				CLANG_ANALYZER_NONNULL = YES;
				CLANG_ANALYZER_NUMBER_OBJECT_CONVERSION = YES_AGGRESSIVE;
				CLANG_CXX_LANGUAGE_STANDARD = "gnu++14";
				CLANG_CXX_LIBRARY = "libc++";
				CLANG_ENABLE_MODULES = YES;
				CLANG_ENABLE_OBJC_ARC = YES;
				CLANG_ENABLE_OBJC_WEAK = YES;
				CLANG_WARN_BLOCK_CAPTURE_AUTORELEASING = YES;
				CLANG_WARN_BOOL_CONVERSION = YES;
				CLANG_WARN_COMMA = YES;
				CLANG_WARN_CONSTANT_CONVERSION = YES;
				CLANG_WARN_DEPRECATED_OBJC_IMPLEMENTATIONS = YES;
				CLANG_WARN_DIRECT_OBJC_ISA_USAGE = YES_ERROR;
				CLANG_WARN_DOCUMENTATION_COMMENTS = YES;
				CLANG_WARN_EMPTY_BODY = YES;
				CLANG_WARN_ENUM_CONVERSION = YES;
				CLANG_WARN_INFINITE_RECURSION = YES;
				CLANG_WARN_INT_CONVERSION = YES;
				CLANG_WARN_NON_LITERAL_NULL_CONVERSION = YES;
				CLANG_WARN_OBJC_IMPLICIT_RETAIN_SELF = YES;
				CLANG_WARN_OBJC_LITERAL_CONVERSION = YES;
				CLANG_WARN_OBJC_ROOT_CLASS = YES_ERROR;
				CLANG_WARN_RANGE_LOOP_ANALYSIS = YES;
				CLANG_WARN_STRICT_PROTOTYPES = YES;
				CLANG_WARN_SUSPICIOUS_MOVE = YES;
				CLANG_WARN_UNGUARDED_AVAILABILITY = YES_AGGRESSIVE;
				CLANG_WARN_UNREACHABLE_CODE = YES;
				CLANG_WARN__DUPLICATE_METHOD_MATCH = YES;
				CODE_SIGN_IDENTITY = "iPhone Developer";
				COPY_PHASE_STRIP = NO;
				DEBUG_INFORMATION_FORMAT = dwarf;
				ENABLE_STRICT_OBJC_MSGSEND = YES;
				ENABLE_TESTABILITY = YES;
				GCC_C_LANGUAGE_STANDARD = gnu11;
				GCC_DYNAMIC_NO_PIC = NO;
				GCC_NO_COMMON_BLOCKS = YES;
				GCC_OPTIMIZATION_LEVEL = 0;
				GCC_PREPROCESSOR_DEFINITIONS = (
					"DEBUG=1",
					"$(inherited)",
				);
				GCC_WARN_64_TO_32_BIT_CONVERSION = YES;
				GCC_WARN_ABOUT_RETURN_TYPE = YES_ERROR;
				GCC_WARN_UNDECLARED_SELECTOR = YES;
				GCC_WARN_UNINITIALIZED_AUTOS = YES_AGGRESSIVE;
				GCC_WARN_UNUSED_FUNCTION = YES;
				GCC_WARN_UNUSED_VARIABLE = YES;
				IPHONEOS_DEPLOYMENT_TARGET = 12.2;
				MTL_ENABLE_DEBUG_INFO = INCLUDE_SOURCE;
				MTL_FAST_MATH = YES;
				ONLY_ACTIVE_ARCH = YES;
				SDKROOT = iphoneos;
			};
			name = Debug;
		};
		A4D4D6C422CD4D0000CEA7D1 /* Release */ = {
			isa = XCBuildConfiguration;
			buildSettings = {
				ALWAYS_SEARCH_USER_PATHS = NO;
				CLANG_ANALYZER_NONNULL = YES;
				CLANG_ANALYZER_NUMBER_OBJECT_CONVERSION = YES_AGGRESSIVE;
				CLANG_CXX_LANGUAGE_STANDARD = "gnu++14";
				CLANG_CXX_LIBRARY = "libc++";
				CLANG_ENABLE_MODULES = YES;
				CLANG_ENABLE_OBJC_ARC = YES;
				CLANG_ENABLE_OBJC_WEAK = YES;
				CLANG_WARN_BLOCK_CAPTURE_AUTORELEASING = YES;
				CLANG_WARN_BOOL_CONVERSION = YES;
				CLANG_WARN_COMMA = YES;
				CLANG_WARN_CONSTANT_CONVERSION = YES;
				CLANG_WARN_DEPRECATED_OBJC_IMPLEMENTATIONS = YES;
				CLANG_WARN_DIRECT_OBJC_ISA_USAGE = YES_ERROR;
				CLANG_WARN_DOCUMENTATION_COMMENTS = YES;
				CLANG_WARN_EMPTY_BODY = YES;
				CLANG_WARN_ENUM_CONVERSION = YES;
				CLANG_WARN_INFINITE_RECURSION = YES;
				CLANG_WARN_INT_CONVERSION = YES;
				CLANG_WARN_NON_LITERAL_NULL_CONVERSION = YES;
				CLANG_WARN_OBJC_IMPLICIT_RETAIN_SELF = YES;
				CLANG_WARN_OBJC_LITERAL_CONVERSION = YES;
				CLANG_WARN_OBJC_ROOT_CLASS = YES_ERROR;
				CLANG_WARN_RANGE_LOOP_ANALYSIS = YES;
				CLANG_WARN_STRICT_PROTOTYPES = YES;
				CLANG_WARN_SUSPICIOUS_MOVE = YES;
				CLANG_WARN_UNGUARDED_AVAILABILITY = YES_AGGRESSIVE;
				CLANG_WARN_UNREACHABLE_CODE = YES;
				CLANG_WARN__DUPLICATE_METHOD_MATCH = YES;
				CODE_SIGN_IDENTITY = "iPhone Developer";
				COPY_PHASE_STRIP = NO;
				DEBUG_INFORMATION_FORMAT = "dwarf-with-dsym";
				ENABLE_NS_ASSERTIONS = NO;
				ENABLE_STRICT_OBJC_MSGSEND = YES;
				GCC_C_LANGUAGE_STANDARD = gnu11;
				GCC_NO_COMMON_BLOCKS = YES;
				GCC_WARN_64_TO_32_BIT_CONVERSION = YES;
				GCC_WARN_ABOUT_RETURN_TYPE = YES_ERROR;
				GCC_WARN_UNDECLARED_SELECTOR = YES;
				GCC_WARN_UNINITIALIZED_AUTOS = YES_AGGRESSIVE;
				GCC_WARN_UNUSED_FUNCTION = YES;
				GCC_WARN_UNUSED_VARIABLE = YES;
				IPHONEOS_DEPLOYMENT_TARGET = 12.2;
				MTL_ENABLE_DEBUG_INFO = NO;
				MTL_FAST_MATH = YES;
				SDKROOT = iphoneos;
				VALIDATE_PRODUCT = YES;
			};
			name = Release;
		};
		A4D4D6C622CD4D0000CEA7D1 /* Debug */ = {
			isa = XCBuildConfiguration;
			buildSettings = {
				ASSETCATALOG_COMPILER_APPICON_NAME = AppIcon;
				CODE_SIGN_STYLE = Automatic;
				DEVELOPMENT_TEAM = 3ZLX8VSJT3;
				INFOPLIST_FILE = "$(SRCROOT)/DogsOBJC/Resources/Info.plist";
				LD_RUNPATH_SEARCH_PATHS = (
					"$(inherited)",
					"@executable_path/Frameworks",
				);
				PRODUCT_BUNDLE_IDENTIFIER = com.jasonbmandozzi.DogsOBJC;
				PRODUCT_NAME = "$(TARGET_NAME)";
				TARGETED_DEVICE_FAMILY = "1,2";
			};
			name = Debug;
		};
		A4D4D6C722CD4D0000CEA7D1 /* Release */ = {
			isa = XCBuildConfiguration;
			buildSettings = {
				ASSETCATALOG_COMPILER_APPICON_NAME = AppIcon;
				CODE_SIGN_STYLE = Automatic;
				DEVELOPMENT_TEAM = 3ZLX8VSJT3;
				INFOPLIST_FILE = "$(SRCROOT)/DogsOBJC/Resources/Info.plist";
				LD_RUNPATH_SEARCH_PATHS = (
					"$(inherited)",
					"@executable_path/Frameworks",
				);
				PRODUCT_BUNDLE_IDENTIFIER = com.jasonbmandozzi.DogsOBJC;
				PRODUCT_NAME = "$(TARGET_NAME)";
				TARGETED_DEVICE_FAMILY = "1,2";
			};
			name = Release;
		};
/* End XCBuildConfiguration section */

/* Begin XCConfigurationList section */
		A4D4D6AA22CD4CFE00CEA7D1 /* Build configuration list for PBXProject "DogsOBJC" */ = {
			isa = XCConfigurationList;
			buildConfigurations = (
				A4D4D6C322CD4D0000CEA7D1 /* Debug */,
				A4D4D6C422CD4D0000CEA7D1 /* Release */,
			);
			defaultConfigurationIsVisible = 0;
			defaultConfigurationName = Release;
		};
		A4D4D6C522CD4D0000CEA7D1 /* Build configuration list for PBXNativeTarget "DogsOBJC" */ = {
			isa = XCConfigurationList;
			buildConfigurations = (
				A4D4D6C622CD4D0000CEA7D1 /* Debug */,
				A4D4D6C722CD4D0000CEA7D1 /* Release */,
			);
			defaultConfigurationIsVisible = 0;
			defaultConfigurationName = Release;
		};
/* End XCConfigurationList section */
	};
	rootObject = A4D4D6A722CD4CFE00CEA7D1 /* Project object */;
}
